
Microsoft Visual Studio Solution File, Format Version 12.00
# Visual Studio 15
VisualStudioVersion = 15.0.27703.2047
MinimumVisualStudioVersion = 10.0.40219.1
Project("{FAE04EC0-301F-11D3-BF4B-00C04F79EFBC}") = "SeedGenerator", "SeedGenerator.csproj", "{26524BE0-C5EC-426A-BA4C-0A1B427EEC5B}"
EndProject
Global
	GlobalSection(SolutionConfigurationPlatforms) = preSolution
		Debug|Any CPU = Debug|Any CPU
		Release|Any CPU = Release|Any CPU
	EndGlobalSection
	GlobalSection(ProjectConfigurationPlatforms) = postSolution
		{26524BE0-C5EC-426A-BA4C-0A1B427EEC5B}.Debug|Any CPU.ActiveCfg = Debug|Any CPU
		{26524BE0-C5EC-426A-BA4C-0A1B427EEC5B}.Debug|Any CPU.Build.0 = Debug|Any CPU
		{26524BE0-C5EC-426A-BA4C-0A1B427EEC5B}.Release|Any CPU.ActiveCfg = Release|Any CPU
		{26524BE0-C5EC-426A-BA4C-0A1B427EEC5B}.Release|Any CPU.Build.0 = Release|Any CPU
	EndGlobalSection
	GlobalSection(SolutionProperties) = preSolution
		HideSolutionNode = FALSE
	EndGlobalSection
	GlobalSection(ExtensibilityGlobals) = postSolution
		SolutionGuid = {4774D4BE-6FE3-43E5-A6B0-C7F985C25974}
	EndGlobalSection
EndGlobal
